
Microsoft Visual Studio Solution File, Format Version 12.00
# Visual Studio Version 16
VisualStudioVersion = 16.0.33927.289
MinimumVisualStudioVersion = 10.0.40219.1
Project("{2150E333-8FDC-42A3-9474-1A3956D46DE8}") = "Task0", "Task0", "{D06EB71F-3616-48E0-B7E6-5841A7DAC961}"
EndProject
Project("{FAE04EC0-301F-11D3-BF4B-00C04F79EFBC}") = "Tyuiu.VarovaAA.Sprint0.Task0.V0", "Tyuiu.VarovaAA.Sprint0.Task0.V0\Tyuiu.VarovaAA.Sprint0.Task0.V0.csproj", "{EDE69942-876A-4201-9F4F-A110CD567851}"
EndProject
Project("{2150E333-8FDC-42A3-9474-1A3956D46DE8}") = "Task1", "Task1", "{A25F1E3E-B7B8-4430-847B-E465810736C1}"
EndProject
Project("{FAE04EC0-301F-11D3-BF4B-00C04F79EFBC}") = "Tyuiu.VarovaAA.Sprint0.Task1.V0", "Tyuiu.VarovaAA.Sprint0.Task1.V0\Tyuiu.VarovaAA.Sprint0.Task1.V0.csproj", "{396FAF0A-3CFA-4E2F-B9A4-537ACC22F99C}"
EndProject
Project("{2150E333-8FDC-42A3-9474-1A3956D46DE8}") = "Task2", "Task2", "{215AB46B-9B0C-4C8E-94F7-9AF81F0E9DC0}"
EndProject
Project("{FAE04EC0-301F-11D3-BF4B-00C04F79EFBC}") = "Tyuiu.VarovaAA.Sprint0.Task2.V0", "Tyuiu.VarovaAA.Sprint0.Task2.V0\Tyuiu.VarovaAA.Sprint0.Task2.V0.csproj", "{449E0F7B-5C2A-4199-A47A-837DB27DC35B}"
EndProject
Project("{FAE04EC0-301F-11D3-BF4B-00C04F79EFBC}") = "Tyuiu.VarovaAA.Sprint0.Task2.V0.Lib", "Tyuiu.VarovaAA.Sprint0.Task2.V0.Lib\Tyuiu.VarovaAA.Sprint0.Task2.V0.Lib.csproj", "{2383F11D-9BE4-4D6C-BB29-2033AF704917}"
EndProject
Project("{FAE04EC0-301F-11D3-BF4B-00C04F79EFBC}") = "Tyuiu.VarovaAA.Sprint0.Task2.V0.Test", "Tyuiu.VarovaAA.Sprint0.Task2.V0.Test\Tyuiu.VarovaAA.Sprint0.Task2.V0.Test.csproj", "{CAC38A17-499C-4906-80FD-2EB449857A92}"
EndProject
Project("{2150E333-8FDC-42A3-9474-1A3956D46DE8}") = "Task3", "Task3", "{410A63CF-288A-47E0-9B95-37721E6CB0F1}"
EndProject
Project("{FAE04EC0-301F-11D3-BF4B-00C04F79EFBC}") = "Tyuiu.VarovaAA.Sprint0.Task3.V0", "Tyuiu.VarovaAA.Sprint0.Task3.V0\Tyuiu.VarovaAA.Sprint0.Task3.V0.csproj", "{3E86083F-A215-4347-9D8C-9D18DBD4FD4F}"
EndProject
Project("{FAE04EC0-301F-11D3-BF4B-00C04F79EFBC}") = "Tyuiu.VarovaAA.Sprint0.Task3.V0.Lib", "Tyuiu.VarovaAA.Sprint0.Task3.V0.Lib\Tyuiu.VarovaAA.Sprint0.Task3.V0.Lib.csproj", "{0CD7E2F9-E0A8-4111-BE44-B44A1235BE68}"
EndProject
Project("{FAE04EC0-301F-11D3-BF4B-00C04F79EFBC}") = "Tyuiu.VarovaAA.Sprint0.Task3.V0.Test", "Tyuiu.VarovaAA.Sprint0.Task3.V0.Test\Tyuiu.VarovaAA.Sprint0.Task3.V0.Test.csproj", "{D49B4285-275E-4000-A4A5-EEE16577FFAE}"
EndProject
Project("{2150E333-8FDC-42A3-9474-1A3956D46DE8}") = "Task4", "Task4", "{282D9984-5A7A-4343-8EF2-63BCC2D78E08}"
EndProject
Project("{FAE04EC0-301F-11D3-BF4B-00C04F79EFBC}") = "Tyuiu.VarovaAA.Sprint0.Task4.V0", "Tyuiu.VarovaAA.Sprint0.Task4.V0\Tyuiu.VarovaAA.Sprint0.Task4.V0.csproj", "{5AA3C214-D0C0-4821-BEFF-D6CE1D2A58FA}"
EndProject
Project("{FAE04EC0-301F-11D3-BF4B-00C04F79EFBC}") = "Tyuiu.VarovaAA.Sprint0.Task4.V0.Lib", "Tyuiu.VarovaAA.Sprint0.Task4.V0.Lib\Tyuiu.VarovaAA.Sprint0.Task4.V0.Lib.csproj", "{3780AAB6-2438-448E-A82A-1838F632E6CA}"
EndProject
Project("{FAE04EC0-301F-11D3-BF4B-00C04F79EFBC}") = "Tyuiu.VarovaAA.Sprint0.Task4.V0.Test", "Tyuiu.VarovaAA.Sprint0.Task4.V0.Test\Tyuiu.VarovaAA.Sprint0.Task4.V0.Test.csproj", "{712D0EF2-84C4-4BDF-BAF1-82BB147A2A20}"
EndProject
Project("{2150E333-8FDC-42A3-9474-1A3956D46DE8}") = "Task5", "Task5", "{9A8E16A7-C746-4A75-A602-97499772B60A}"
EndProject
Project("{FAE04EC0-301F-11D3-BF4B-00C04F79EFBC}") = "Tyuiu.VarovaAA.Sprint0.Task5.V0", "Tyuiu.VarovaAA.Sprint0.Task5.V0\Tyuiu.VarovaAA.Sprint0.Task5.V0.csproj", "{CEC7985C-7EE1-443B-955B-10999D673D21}"
EndProject
Project("{FAE04EC0-301F-11D3-BF4B-00C04F79EFBC}") = "Tyuiu.VarovaAA.Sprint0.Task5.V0.Lib", "Tyuiu.VarovaAA.Sprint0.Task5.V0.Lib\Tyuiu.VarovaAA.Sprint0.Task5.V0.Lib.csproj", "{F00195C4-867A-4C8A-A284-9D78E485D44A}"
EndProject
Project("{FAE04EC0-301F-11D3-BF4B-00C04F79EFBC}") = "Tyuiu.VarovaAA.Sprint0.Task5.V0.Test", "Tyuiu.VarovaAA.Sprint0.Task5.V0.Test\Tyuiu.VarovaAA.Sprint0.Task5.V0.Test.csproj", "{982432A0-4E04-4BC4-BC0D-ED3B45EB03A7}"
EndProject
Project("{2150E333-8FDC-42A3-9474-1A3956D46DE8}") = "Task6", "Task6", "{18C75725-F4B9-429A-A816-3E053BABC79B}"
EndProject
Project("{FAE04EC0-301F-11D3-BF4B-00C04F79EFBC}") = "Tyuiu.VarovaAA.Sprint0.Task6.V0", "Tyuiu.VarovaAA.Sprint0.Task6.V0\Tyuiu.VarovaAA.Sprint0.Task6.V0.csproj", "{874CB986-7A0E-44F7-9372-7A3C9A304786}"
EndProject
Project("{FAE04EC0-301F-11D3-BF4B-00C04F79EFBC}") = "Tyuiu.VarovaAA.Sprint0.Task6.V0.Lib", "Tyuiu.VarovaAA.Sprint0.Task6.V0.Lib\Tyuiu.VarovaAA.Sprint0.Task6.V0.Lib.csproj", "{F53422AF-B400-4B8F-8F8C-956CCF6FB9C7}"
EndProject
Project("{FAE04EC0-301F-11D3-BF4B-00C04F79EFBC}") = "Tyuiu.VarovaAA.Sprint0.Task6.V0.Test", "Tyuiu.VarovaAA.Sprint0.Task6.V0.Test\Tyuiu.VarovaAA.Sprint0.Task6.V0.Test.csproj", "{B65F2122-76F1-4EA4-A5B9-43DAA19682B9}"
EndProject
Project("{2150E333-8FDC-42A3-9474-1A3956D46DE8}") = "Task7", "Task7", "{380E22DB-E916-4CAD-A64A-E25359693A71}"
EndProject
Project("{FAE04EC0-301F-11D3-BF4B-00C04F79EFBC}") = "Tyuiu.VarovaAA.Sprint0.Task7.V0", "Tyuiu.VarovaAA.Sprint0.Task7.V0\Tyuiu.VarovaAA.Sprint0.Task7.V0.csproj", "{D6AD1A44-9AA1-48C5-B5D0-A907CB857349}"
EndProject
Project("{FAE04EC0-301F-11D3-BF4B-00C04F79EFBC}") = "Tyuiu.VarovaAA.Sprint0.Task7.V0.Lib", "Tyuiu.VarovaAA.Sprint0.Task7.V0.Lib\Tyuiu.VarovaAA.Sprint0.Task7.V0.Lib.csproj", "{EC1E9E7A-B0DC-4034-B093-FBC2FB0145A4}"
EndProject
Project("{FAE04EC0-301F-11D3-BF4B-00C04F79EFBC}") = "Tyuiu.VarovaAA.Sprint0.Task7.V0.Test", "Tyuiu.VarovaAA.Sprint0.Task7.V0.Test\Tyuiu.VarovaAA.Sprint0.Task7.V0.Test.csproj", "{352E727C-6936-4E57-9143-4AC821F3E6FF}"
EndProject
Global
	GlobalSection(SolutionConfigurationPlatforms) = preSolution
		Debug|Any CPU = Debug|Any CPU
		Release|Any CPU = Release|Any CPU
	EndGlobalSection
	GlobalSection(ProjectConfigurationPlatforms) = postSolution
		{EDE69942-876A-4201-9F4F-A110CD567851}.Debug|Any CPU.ActiveCfg = Debug|Any CPU
		{EDE69942-876A-4201-9F4F-A110CD567851}.Debug|Any CPU.Build.0 = Debug|Any CPU
		{EDE69942-876A-4201-9F4F-A110CD567851}.Release|Any CPU.ActiveCfg = Release|Any CPU
		{EDE69942-876A-4201-9F4F-A110CD567851}.Release|Any CPU.Build.0 = Release|Any CPU
		{396FAF0A-3CFA-4E2F-B9A4-537ACC22F99C}.Debug|Any CPU.ActiveCfg = Debug|Any CPU
		{396FAF0A-3CFA-4E2F-B9A4-537ACC22F99C}.Debug|Any CPU.Build.0 = Debug|Any CPU
		{396FAF0A-3CFA-4E2F-B9A4-537ACC22F99C}.Release|Any CPU.ActiveCfg = Release|Any CPU
		{396FAF0A-3CFA-4E2F-B9A4-537ACC22F99C}.Release|Any CPU.Build.0 = Release|Any CPU
		{449E0F7B-5C2A-4199-A47A-837DB27DC35B}.Debug|Any CPU.ActiveCfg = Debug|Any CPU
		{449E0F7B-5C2A-4199-A47A-837DB27DC35B}.Debug|Any CPU.Build.0 = Debug|Any CPU
		{449E0F7B-5C2A-4199-A47A-837DB27DC35B}.Release|Any CPU.ActiveCfg = Release|Any CPU
		{449E0F7B-5C2A-4199-A47A-837DB27DC35B}.Release|Any CPU.Build.0 = Release|Any CPU
		{2383F11D-9BE4-4D6C-BB29-2033AF704917}.Debug|Any CPU.ActiveCfg = Debug|Any CPU
		{2383F11D-9BE4-4D6C-BB29-2033AF704917}.Debug|Any CPU.Build.0 = Debug|Any CPU
		{2383F11D-9BE4-4D6C-BB29-2033AF704917}.Release|Any CPU.ActiveCfg = Release|Any CPU
		{2383F11D-9BE4-4D6C-BB29-2033AF704917}.Release|Any CPU.Build.0 = Release|Any CPU
		{CAC38A17-499C-4906-80FD-2EB449857A92}.Debug|Any CPU.ActiveCfg = Debug|Any CPU
		{CAC38A17-499C-4906-80FD-2EB449857A92}.Debug|Any CPU.Build.0 = Debug|Any CPU
		{CAC38A17-499C-4906-80FD-2EB449857A92}.Release|Any CPU.ActiveCfg = Release|Any CPU
		{CAC38A17-499C-4906-80FD-2EB449857A92}.Release|Any CPU.Build.0 = Release|Any CPU
		{3E86083F-A215-4347-9D8C-9D18DBD4FD4F}.Debug|Any CPU.ActiveCfg = Debug|Any CPU
		{3E86083F-A215-4347-9D8C-9D18DBD4FD4F}.Debug|Any CPU.Build.0 = Debug|Any CPU
		{3E86083F-A215-4347-9D8C-9D18DBD4FD4F}.Release|Any CPU.ActiveCfg = Release|Any CPU
		{3E86083F-A215-4347-9D8C-9D18DBD4FD4F}.Release|Any CPU.Build.0 = Release|Any CPU
		{0CD7E2F9-E0A8-4111-BE44-B44A1235BE68}.Debug|Any CPU.ActiveCfg = Debug|Any CPU
		{0CD7E2F9-E0A8-4111-BE44-B44A1235BE68}.Debug|Any CPU.Build.0 = Debug|Any CPU
		{0CD7E2F9-E0A8-4111-BE44-B44A1235BE68}.Release|Any CPU.ActiveCfg = Release|Any CPU
		{0CD7E2F9-E0A8-4111-BE44-B44A1235BE68}.Release|Any CPU.Build.0 = Release|Any CPU
		{D49B4285-275E-4000-A4A5-EEE16577FFAE}.Debug|Any CPU.ActiveCfg = Debug|Any CPU
		{D49B4285-275E-4000-A4A5-EEE16577FFAE}.Debug|Any CPU.Build.0 = Debug|Any CPU
		{D49B4285-275E-4000-A4A5-EEE16577FFAE}.Release|Any CPU.ActiveCfg = Release|Any CPU
		{D49B4285-275E-4000-A4A5-EEE16577FFAE}.Release|Any CPU.Build.0 = Release|Any CPU
		{5AA3C214-D0C0-4821-BEFF-D6CE1D2A58FA}.Debug|Any CPU.ActiveCfg = Debug|Any CPU
		{5AA3C214-D0C0-4821-BEFF-D6CE1D2A58FA}.Debug|Any CPU.Build.0 = Debug|Any CPU
		{5AA3C214-D0C0-4821-BEFF-D6CE1D2A58FA}.Release|Any CPU.ActiveCfg = Release|Any CPU
		{5AA3C214-D0C0-4821-BEFF-D6CE1D2A58FA}.Release|Any CPU.Build.0 = Release|Any CPU
		{3780AAB6-2438-448E-A82A-1838F632E6CA}.Debug|Any CPU.ActiveCfg = Debug|Any CPU
		{3780AAB6-2438-448E-A82A-1838F632E6CA}.Debug|Any CPU.Build.0 = Debug|Any CPU
		{3780AAB6-2438-448E-A82A-1838F632E6CA}.Release|Any CPU.ActiveCfg = Release|Any CPU
		{3780AAB6-2438-448E-A82A-1838F632E6CA}.Release|Any CPU.Build.0 = Release|Any CPU
		{712D0EF2-84C4-4BDF-BAF1-82BB147A2A20}.Debug|Any CPU.ActiveCfg = Debug|Any CPU
		{712D0EF2-84C4-4BDF-BAF1-82BB147A2A20}.Debug|Any CPU.Build.0 = Debug|Any CPU
		{712D0EF2-84C4-4BDF-BAF1-82BB147A2A20}.Release|Any CPU.ActiveCfg = Release|Any CPU
		{712D0EF2-84C4-4BDF-BAF1-82BB147A2A20}.Release|Any CPU.Build.0 = Release|Any CPU
		{CEC7985C-7EE1-443B-955B-10999D673D21}.Debug|Any CPU.ActiveCfg = Debug|Any CPU
		{CEC7985C-7EE1-443B-955B-10999D673D21}.Debug|Any CPU.Build.0 = Debug|Any CPU
		{CEC7985C-7EE1-443B-955B-10999D673D21}.Release|Any CPU.ActiveCfg = Release|Any CPU
		{CEC7985C-7EE1-443B-955B-10999D673D21}.Release|Any CPU.Build.0 = Release|Any CPU
		{F00195C4-867A-4C8A-A284-9D78E485D44A}.Debug|Any CPU.ActiveCfg = Debug|Any CPU
		{F00195C4-867A-4C8A-A284-9D78E485D44A}.Debug|Any CPU.Build.0 = Debug|Any CPU
		{F00195C4-867A-4C8A-A284-9D78E485D44A}.Release|Any CPU.ActiveCfg = Release|Any CPU
		{F00195C4-867A-4C8A-A284-9D78E485D44A}.Release|Any CPU.Build.0 = Release|Any CPU
		{982432A0-4E04-4BC4-BC0D-ED3B45EB03A7}.Debug|Any CPU.ActiveCfg = Debug|Any CPU
		{982432A0-4E04-4BC4-BC0D-ED3B45EB03A7}.Debug|Any CPU.Build.0 = Debug|Any CPU
		{982432A0-4E04-4BC4-BC0D-ED3B45EB03A7}.Release|Any CPU.ActiveCfg = Release|Any CPU
		{982432A0-4E04-4BC4-BC0D-ED3B45EB03A7}.Release|Any CPU.Build.0 = Release|Any CPU
		{874CB986-7A0E-44F7-9372-7A3C9A304786}.Debug|Any CPU.ActiveCfg = Debug|Any CPU
		{874CB986-7A0E-44F7-9372-7A3C9A304786}.Debug|Any CPU.Build.0 = Debug|Any CPU
		{874CB986-7A0E-44F7-9372-7A3C9A304786}.Release|Any CPU.ActiveCfg = Release|Any CPU
		{874CB986-7A0E-44F7-9372-7A3C9A304786}.Release|Any CPU.Build.0 = Release|Any CPU
		{F53422AF-B400-4B8F-8F8C-956CCF6FB9C7}.Debug|Any CPU.ActiveCfg = Debug|Any CPU
		{F53422AF-B400-4B8F-8F8C-956CCF6FB9C7}.Debug|Any CPU.Build.0 = Debug|Any CPU
		{F53422AF-B400-4B8F-8F8C-956CCF6FB9C7}.Release|Any CPU.ActiveCfg = Release|Any CPU
		{F53422AF-B400-4B8F-8F8C-956CCF6FB9C7}.Release|Any CPU.Build.0 = Release|Any CPU
		{B65F2122-76F1-4EA4-A5B9-43DAA19682B9}.Debug|Any CPU.ActiveCfg = Debug|Any CPU
		{B65F2122-76F1-4EA4-A5B9-43DAA19682B9}.Debug|Any CPU.Build.0 = Debug|Any CPU
		{B65F2122-76F1-4EA4-A5B9-43DAA19682B9}.Release|Any CPU.ActiveCfg = Release|Any CPU
		{B65F2122-76F1-4EA4-A5B9-43DAA19682B9}.Release|Any CPU.Build.0 = Release|Any CPU
		{D6AD1A44-9AA1-48C5-B5D0-A907CB857349}.Debug|Any CPU.ActiveCfg = Debug|Any CPU
		{D6AD1A44-9AA1-48C5-B5D0-A907CB857349}.Debug|Any CPU.Build.0 = Debug|Any CPU
		{D6AD1A44-9AA1-48C5-B5D0-A907CB857349}.Release|Any CPU.ActiveCfg = Release|Any CPU
		{D6AD1A44-9AA1-48C5-B5D0-A907CB857349}.Release|Any CPU.Build.0 = Release|Any CPU
		{EC1E9E7A-B0DC-4034-B093-FBC2FB0145A4}.Debug|Any CPU.ActiveCfg = Debug|Any CPU
		{EC1E9E7A-B0DC-4034-B093-FBC2FB0145A4}.Debug|Any CPU.Build.0 = Debug|Any CPU
		{EC1E9E7A-B0DC-4034-B093-FBC2FB0145A4}.Release|Any CPU.ActiveCfg = Release|Any CPU
		{EC1E9E7A-B0DC-4034-B093-FBC2FB0145A4}.Release|Any CPU.Build.0 = Release|Any CPU
		{352E727C-6936-4E57-9143-4AC821F3E6FF}.Debug|Any CPU.ActiveCfg = Debug|Any CPU
		{352E727C-6936-4E57-9143-4AC821F3E6FF}.Debug|Any CPU.Build.0 = Debug|Any CPU
		{352E727C-6936-4E57-9143-4AC821F3E6FF}.Release|Any CPU.ActiveCfg = Release|Any CPU
		{352E727C-6936-4E57-9143-4AC821F3E6FF}.Release|Any CPU.Build.0 = Release|Any CPU
	EndGlobalSection
	GlobalSection(SolutionProperties) = preSolution
		HideSolutionNode = FALSE
	EndGlobalSection
	GlobalSection(NestedProjects) = preSolution
		{EDE69942-876A-4201-9F4F-A110CD567851} = {D06EB71F-3616-48E0-B7E6-5841A7DAC961}
		{396FAF0A-3CFA-4E2F-B9A4-537ACC22F99C} = {A25F1E3E-B7B8-4430-847B-E465810736C1}
		{449E0F7B-5C2A-4199-A47A-837DB27DC35B} = {215AB46B-9B0C-4C8E-94F7-9AF81F0E9DC0}
		{2383F11D-9BE4-4D6C-BB29-2033AF704917} = {215AB46B-9B0C-4C8E-94F7-9AF81F0E9DC0}
		{CAC38A17-499C-4906-80FD-2EB449857A92} = {215AB46B-9B0C-4C8E-94F7-9AF81F0E9DC0}
		{3E86083F-A215-4347-9D8C-9D18DBD4FD4F} = {410A63CF-288A-47E0-9B95-37721E6CB0F1}
		{0CD7E2F9-E0A8-4111-BE44-B44A1235BE68} = {410A63CF-288A-47E0-9B95-37721E6CB0F1}
		{D49B4285-275E-4000-A4A5-EEE16577FFAE} = {410A63CF-288A-47E0-9B95-37721E6CB0F1}
		{5AA3C214-D0C0-4821-BEFF-D6CE1D2A58FA} = {282D9984-5A7A-4343-8EF2-63BCC2D78E08}
		{3780AAB6-2438-448E-A82A-1838F632E6CA} = {282D9984-5A7A-4343-8EF2-63BCC2D78E08}
		{712D0EF2-84C4-4BDF-BAF1-82BB147A2A20} = {282D9984-5A7A-4343-8EF2-63BCC2D78E08}
		{CEC7985C-7EE1-443B-955B-10999D673D21} = {9A8E16A7-C746-4A75-A602-97499772B60A}
		{F00195C4-867A-4C8A-A284-9D78E485D44A} = {9A8E16A7-C746-4A75-A602-97499772B60A}
		{982432A0-4E04-4BC4-BC0D-ED3B45EB03A7} = {9A8E16A7-C746-4A75-A602-97499772B60A}
		{874CB986-7A0E-44F7-9372-7A3C9A304786} = {18C75725-F4B9-429A-A816-3E053BABC79B}
		{F53422AF-B400-4B8F-8F8C-956CCF6FB9C7} = {18C75725-F4B9-429A-A816-3E053BABC79B}
		{B65F2122-76F1-4EA4-A5B9-43DAA19682B9} = {18C75725-F4B9-429A-A816-3E053BABC79B}
		{D6AD1A44-9AA1-48C5-B5D0-A907CB857349} = {380E22DB-E916-4CAD-A64A-E25359693A71}
		{EC1E9E7A-B0DC-4034-B093-FBC2FB0145A4} = {380E22DB-E916-4CAD-A64A-E25359693A71}
		{352E727C-6936-4E57-9143-4AC821F3E6FF} = {380E22DB-E916-4CAD-A64A-E25359693A71}
	EndGlobalSection
	GlobalSection(ExtensibilityGlobals) = postSolution
		SolutionGuid = {2560A6D7-87C0-4894-BBDB-6737BD3CF032}
	EndGlobalSection
EndGlobal
